github.com/paulrosania/go-charset v0.0.0-20190326053356-55c9d7a5834c h1:P6XGcuPTigoHf4TSu+3D/7QOQ1MbL6alNwrGhcW7sKw=
github.com/paulrosania/go-charset v0.0.0-20190326053356-55c9d7a5834c/go.mod h1:YnNlZP7l4MhyGQ4CBRwv6ohZTPrUJJZtEv4ZgADkbs4=
github.com/qiniu/iconv v0.0.0-20160413084200-e9ee0ddd1a3a h1:GrDe9RL3K3/Kh422zsTUwIEVHV4N4QmkDn+0S/rH3b0=
github.com/qiniu/iconv v0.0.0-20160413084200-e9ee0ddd1a3a/go.mod h1:70MR/wDOhFn6Yf10KP+jVqF0W16hKVhdhy38IMuNzKM=
golang.org/x/crypto v0.0.0-20190308221718-c2843e01d9a2/go.mod h1:djNgcEr1/C05ACkg1iLfiJU5Ep61QUkGW8qpdssI0+w=
golang.org/x/crypto v0.0.0-20200221231518-2aa609cf4a9d h1:1ZiEyfaQIg3Qh0EoqpwAakHVhecoE5wlSg5GjnafJGw=
golang.org/x/crypto v0.0.0-20200221231518-2aa609cf4a9d/go.mod h1:LzIPMQfyMNhhGPhUkYOs5KpL4U8rLKemX1yGLhDgUto=
golang.org/x/net v0.0.0-20190404232315-eb5bcb51f2a3/go.mod h1:t9HGtf8HONx5eT2rtn7q6eTqICYqUVnKs3thJo3Qplg=
golang.org/x/sys v0.0.0-20190215142949-d0b11bdaac8a/go.mod h1:STP8DvDyc/dI5b8T5hshtkjS+E42TnysNCUPdjciGhY=
golang.org/x/sys v0.0.0-20190412213103-97732733099d/go.mod h1:h1NjWce9XRLGQEsW7wpKNCjG9DtNlClVuFLEZdDNbEs=
golang.org/x/text v0.3.0/go.mod h1:NqM8EUOU14njkJ3fqMW+pc6Ldnwhi/IjpwHt7yyuwOQ=
